
Microsoft Visual Studio Solution File, Format Version 12.00
# Visual Studio 15
VisualStudioVersion = 15.0.26124.0
MinimumVisualStudioVersion = 15.0.26124.0
Project("{2150E333-8FDC-42A3-9474-1A3956D46DE8}") = "src", "src", "{40EC88C2-A0B4-4C5C-A42A-6D51321F5789}"
EndProject
Project("{FAE04EC0-301F-11D3-BF4B-00C04F79EFBC}") = "CurrencyExchangeAPI", "src\web\CurrencyExchangeAPI.csproj", "{DA68357B-078E-44B5-AD06-DC47B6E9C247}"
EndProject
Project("{2150E333-8FDC-42A3-9474-1A3956D46DE8}") = "test", "test", "{3A0CF2BC-9E5D-46D6-9587-CA71305F5167}"
EndProject
Project("{FAE04EC0-301F-11D3-BF4B-00C04F79EFBC}") = "CurrencyExchange.UnitTests", "test\CurrencyExchange.UnitTests\CurrencyExchange.UnitTests.csproj", "{6A28519F-6E7F-4F1B-8FEF-E8C84B4CC709}"
EndProject
Project("{FAE04EC0-301F-11D3-BF4B-00C04F79EFBC}") = "CurrencyExchange.IntegrationTests", "test\CurrencyExchange.IntegrationTests\CurrencyExchange.IntegrationTests.csproj", "{3179077D-79A4-46FD-AF36-A1BFD104965B}"
EndProject
Global
	GlobalSection(SolutionConfigurationPlatforms) = preSolution
		Debug|Any CPU = Debug|Any CPU
		Debug|x64 = Debug|x64
		Debug|x86 = Debug|x86
		Release|Any CPU = Release|Any CPU
		Release|x64 = Release|x64
		Release|x86 = Release|x86
	EndGlobalSection
	GlobalSection(SolutionProperties) = preSolution
		HideSolutionNode = FALSE
	EndGlobalSection
	GlobalSection(ProjectConfigurationPlatforms) = postSolution
		{DA68357B-078E-44B5-AD06-DC47B6E9C247}.Debug|Any CPU.ActiveCfg = Debug|Any CPU
		{DA68357B-078E-44B5-AD06-DC47B6E9C247}.Debug|Any CPU.Build.0 = Debug|Any CPU
		{DA68357B-078E-44B5-AD06-DC47B6E9C247}.Debug|x64.ActiveCfg = Debug|Any CPU
		{DA68357B-078E-44B5-AD06-DC47B6E9C247}.Debug|x64.Build.0 = Debug|Any CPU
		{DA68357B-078E-44B5-AD06-DC47B6E9C247}.Debug|x86.ActiveCfg = Debug|Any CPU
		{DA68357B-078E-44B5-AD06-DC47B6E9C247}.Debug|x86.Build.0 = Debug|Any CPU
		{DA68357B-078E-44B5-AD06-DC47B6E9C247}.Release|Any CPU.ActiveCfg = Release|Any CPU
		{DA68357B-078E-44B5-AD06-DC47B6E9C247}.Release|Any CPU.Build.0 = Release|Any CPU
		{DA68357B-078E-44B5-AD06-DC47B6E9C247}.Release|x64.ActiveCfg = Release|Any CPU
		{DA68357B-078E-44B5-AD06-DC47B6E9C247}.Release|x64.Build.0 = Release|Any CPU
		{DA68357B-078E-44B5-AD06-DC47B6E9C247}.Release|x86.ActiveCfg = Release|Any CPU
		{DA68357B-078E-44B5-AD06-DC47B6E9C247}.Release|x86.Build.0 = Release|Any CPU
		{6A28519F-6E7F-4F1B-8FEF-E8C84B4CC709}.Debug|Any CPU.ActiveCfg = Debug|Any CPU
		{6A28519F-6E7F-4F1B-8FEF-E8C84B4CC709}.Debug|Any CPU.Build.0 = Debug|Any CPU
		{6A28519F-6E7F-4F1B-8FEF-E8C84B4CC709}.Debug|x64.ActiveCfg = Debug|Any CPU
		{6A28519F-6E7F-4F1B-8FEF-E8C84B4CC709}.Debug|x64.Build.0 = Debug|Any CPU
		{6A28519F-6E7F-4F1B-8FEF-E8C84B4CC709}.Debug|x86.ActiveCfg = Debug|Any CPU
		{6A28519F-6E7F-4F1B-8FEF-E8C84B4CC709}.Debug|x86.Build.0 = Debug|Any CPU
		{6A28519F-6E7F-4F1B-8FEF-E8C84B4CC709}.Release|Any CPU.ActiveCfg = Release|Any CPU
		{6A28519F-6E7F-4F1B-8FEF-E8C84B4CC709}.Release|Any CPU.Build.0 = Release|Any CPU
		{6A28519F-6E7F-4F1B-8FEF-E8C84B4CC709}.Release|x64.ActiveCfg = Release|Any CPU
		{6A28519F-6E7F-4F1B-8FEF-E8C84B4CC709}.Release|x64.Build.0 = Release|Any CPU
		{6A28519F-6E7F-4F1B-8FEF-E8C84B4CC709}.Release|x86.ActiveCfg = Release|Any CPU
		{6A28519F-6E7F-4F1B-8FEF-E8C84B4CC709}.Release|x86.Build.0 = Release|Any CPU
		{3179077D-79A4-46FD-AF36-A1BFD104965B}.Debug|Any CPU.ActiveCfg = Debug|Any CPU
		{3179077D-79A4-46FD-AF36-A1BFD104965B}.Debug|Any CPU.Build.0 = Debug|Any CPU
		{3179077D-79A4-46FD-AF36-A1BFD104965B}.Debug|x64.ActiveCfg = Debug|Any CPU
		{3179077D-79A4-46FD-AF36-A1BFD104965B}.Debug|x64.Build.0 = Debug|Any CPU
		{3179077D-79A4-46FD-AF36-A1BFD104965B}.Debug|x86.ActiveCfg = Debug|Any CPU
		{3179077D-79A4-46FD-AF36-A1BFD104965B}.Debug|x86.Build.0 = Debug|Any CPU
		{3179077D-79A4-46FD-AF36-A1BFD104965B}.Release|Any CPU.ActiveCfg = Release|Any CPU
		{3179077D-79A4-46FD-AF36-A1BFD104965B}.Release|Any CPU.Build.0 = Release|Any CPU
		{3179077D-79A4-46FD-AF36-A1BFD104965B}.Release|x64.ActiveCfg = Release|Any CPU
		{3179077D-79A4-46FD-AF36-A1BFD104965B}.Release|x64.Build.0 = Release|Any CPU
		{3179077D-79A4-46FD-AF36-A1BFD104965B}.Release|x86.ActiveCfg = Release|Any CPU
		{3179077D-79A4-46FD-AF36-A1BFD104965B}.Release|x86.Build.0 = Release|Any CPU
	EndGlobalSection
	GlobalSection(NestedProjects) = preSolution
		{DA68357B-078E-44B5-AD06-DC47B6E9C247} = {40EC88C2-A0B4-4C5C-A42A-6D51321F5789}
		{6A28519F-6E7F-4F1B-8FEF-E8C84B4CC709} = {3A0CF2BC-9E5D-46D6-9587-CA71305F5167}
		{3179077D-79A4-46FD-AF36-A1BFD104965B} = {3A0CF2BC-9E5D-46D6-9587-CA71305F5167}
	EndGlobalSection
EndGlobal
